
Microsoft Visual Studio Solution File, Format Version 12.00
# Visual Studio Version 17
VisualStudioVersion = 17.0.31903.59
MinimumVisualStudioVersion = 10.0.40219.1
Project("{2150E333-8FDC-42A3-9474-1A3956D46DE8}") = "Services", "Services", "{9454A15C-5054-41C0-BC52-EAFBC5A3F29F}"
EndProject
Project("{2150E333-8FDC-42A3-9474-1A3956D46DE8}") = "Catalog", "Catalog", "{04104ED0-6BE8-4183-8219-DA1653F92F05}"
EndProject
Project("{FAE04EC0-301F-11D3-BF4B-00C04F79EFBC}") = "Catalog.API", "Services\Catalog\Catalog.API\Catalog.API.csproj", "{F913560C-3091-4729-805D-886F02782BA9}"
EndProject
Project("{FAE04EC0-301F-11D3-BF4B-00C04F79EFBC}") = "Catalog.Application", "Services\Catalog\Catalog.Application\Catalog.Application.csproj", "{94D04EF7-D221-4D03-AE75-94C4AE430984}"
EndProject
Project("{FAE04EC0-301F-11D3-BF4B-00C04F79EFBC}") = "Catalog.Core", "Services\Catalog\Catalog.Core\Catalog.Core.csproj", "{D9918C7F-DB13-44DE-9534-8793AAAFF978}"
EndProject
Project("{FAE04EC0-301F-11D3-BF4B-00C04F79EFBC}") = "Catalog.Infrastructure", "Services\Catalog\Catalog.Infrastructure\Catalog.Infrastructure.csproj", "{895D225F-D412-4E28-AED3-27416D7ED0D8}"
EndProject
Project("{2150E333-8FDC-42A3-9474-1A3956D46DE8}") = "Basket", "Basket", "{39E1F647-ED75-45D0-A1DC-557E03C79C4E}"
EndProject
Project("{FAE04EC0-301F-11D3-BF4B-00C04F79EFBC}") = "Basket.API", "Services\Basket\Basket.API\Basket.API.csproj", "{5D41B23F-E61C-46F3-B22D-EC647B852C33}"
EndProject
Project("{FAE04EC0-301F-11D3-BF4B-00C04F79EFBC}") = "Basket.Application", "Services\Basket\Basket.Application\Basket.Application.csproj", "{0092A3A2-3842-4F09-867B-2845D831DDD3}"
EndProject
Project("{FAE04EC0-301F-11D3-BF4B-00C04F79EFBC}") = "Basket.Core", "Services\Basket\Basket.Core\Basket.Core.csproj", "{E88D69E6-1331-4D24-A88E-4AA24F5AD86D}"
EndProject
Project("{FAE04EC0-301F-11D3-BF4B-00C04F79EFBC}") = "Basket.Infra", "Services\Basket\Basket.Infra\Basket.Infra.csproj", "{A5DBEED5-5373-4181-A30B-B7E50C634859}"
EndProject
Project("{2150E333-8FDC-42A3-9474-1A3956D46DE8}") = "Discount", "Discount", "{484CE245-115D-4982-BA57-ED2260F00742}"
EndProject
Project("{FAE04EC0-301F-11D3-BF4B-00C04F79EFBC}") = "Discount.API", "Services\Discount\Discount.API\Discount.API.csproj", "{86EB183B-2676-48DF-A7B9-0975434409EA}"
EndProject
Project("{FAE04EC0-301F-11D3-BF4B-00C04F79EFBC}") = "Discount.Application", "Services\Discount\Discount.Application\Discount.Application.csproj", "{9538653D-F942-41EC-90B9-8EBE0F14D067}"
EndProject
Project("{FAE04EC0-301F-11D3-BF4B-00C04F79EFBC}") = "Discount.Core", "Services\Discount\Discount.Core\Discount.Core.csproj", "{54EA6E32-1B4A-4A39-8D2C-2CA2F73ABBDC}"
EndProject
Project("{FAE04EC0-301F-11D3-BF4B-00C04F79EFBC}") = "Discount.Infrastructure", "Services\Discount\Discount.Infrastructure\Discount.Infrastructure.csproj", "{E887820D-5B51-4849-B875-D21CF97D1B50}"
EndProject
Project("{2150E333-8FDC-42A3-9474-1A3956D46DE8}") = "Order", "Order", "{5C68B725-5083-4503-B4AD-0076FD25FAE7}"
EndProject
Project("{FAE04EC0-301F-11D3-BF4B-00C04F79EFBC}") = "Order.API", "Services\Order\Order.API\Order.API.csproj", "{9C323F30-3498-4D88-ADD1-2216EDA986B0}"
EndProject
Project("{FAE04EC0-301F-11D3-BF4B-00C04F79EFBC}") = "Order.Application", "Services\Order\Order.Application\Order.Application.csproj", "{1E7FC517-EAE2-4B31-8114-7164CA208D07}"
EndProject
Project("{FAE04EC0-301F-11D3-BF4B-00C04F79EFBC}") = "Order.Infrastructure", "Services\Order\Order.Infrastructure\Order.Infrastructure.csproj", "{F1E94140-D46E-4607-B346-145C8D6BA771}"
EndProject
Project("{2150E333-8FDC-42A3-9474-1A3956D46DE8}") = "RabbitMQInfra", "RabbitMQInfra", "{3FACA57E-114D-47EB-A139-32B698EC4CFC}"
EndProject
Project("{FAE04EC0-301F-11D3-BF4B-00C04F79EFBC}") = "EventBus.Messages", "RabbitMQInfra\EventBus.Messages\EventBus.Messages.csproj", "{912B636B-12FD-4B0B-A4C5-6A1A0F5BDE88}"
EndProject
Project("{2150E333-8FDC-42A3-9474-1A3956D46DE8}") = "Logging", "Logging", "{A300838F-0D46-4B51-8930-0CCF3739680A}"
EndProject
Project("{FAE04EC0-301F-11D3-BF4B-00C04F79EFBC}") = "Common.Logging", "Logging\Common.Logging\Common.Logging.csproj", "{DB1F7AFC-E3DD-40BB-8411-44FDC1AC7C27}"
EndProject
Global
	GlobalSection(SolutionConfigurationPlatforms) = preSolution
		Debug|Any CPU = Debug|Any CPU
		Release|Any CPU = Release|Any CPU
	EndGlobalSection
	GlobalSection(SolutionProperties) = preSolution
		HideSolutionNode = FALSE
	EndGlobalSection
	GlobalSection(ProjectConfigurationPlatforms) = postSolution
		{F913560C-3091-4729-805D-886F02782BA9}.Debug|Any CPU.ActiveCfg = Debug|Any CPU
		{F913560C-3091-4729-805D-886F02782BA9}.Debug|Any CPU.Build.0 = Debug|Any CPU
		{F913560C-3091-4729-805D-886F02782BA9}.Release|Any CPU.ActiveCfg = Release|Any CPU
		{F913560C-3091-4729-805D-886F02782BA9}.Release|Any CPU.Build.0 = Release|Any CPU
		{94D04EF7-D221-4D03-AE75-94C4AE430984}.Debug|Any CPU.ActiveCfg = Debug|Any CPU
		{94D04EF7-D221-4D03-AE75-94C4AE430984}.Debug|Any CPU.Build.0 = Debug|Any CPU
		{94D04EF7-D221-4D03-AE75-94C4AE430984}.Release|Any CPU.ActiveCfg = Release|Any CPU
		{94D04EF7-D221-4D03-AE75-94C4AE430984}.Release|Any CPU.Build.0 = Release|Any CPU
		{D9918C7F-DB13-44DE-9534-8793AAAFF978}.Debug|Any CPU.ActiveCfg = Debug|Any CPU
		{D9918C7F-DB13-44DE-9534-8793AAAFF978}.Debug|Any CPU.Build.0 = Debug|Any CPU
		{D9918C7F-DB13-44DE-9534-8793AAAFF978}.Release|Any CPU.ActiveCfg = Release|Any CPU
		{D9918C7F-DB13-44DE-9534-8793AAAFF978}.Release|Any CPU.Build.0 = Release|Any CPU
		{895D225F-D412-4E28-AED3-27416D7ED0D8}.Debug|Any CPU.ActiveCfg = Debug|Any CPU
		{895D225F-D412-4E28-AED3-27416D7ED0D8}.Debug|Any CPU.Build.0 = Debug|Any CPU
		{895D225F-D412-4E28-AED3-27416D7ED0D8}.Release|Any CPU.ActiveCfg = Release|Any CPU
		{895D225F-D412-4E28-AED3-27416D7ED0D8}.Release|Any CPU.Build.0 = Release|Any CPU
		{B93AE5F9-BEBA-4E06-9F9F-DFA63B73D87A}.Debug|Any CPU.ActiveCfg = Debug|Any CPU
		{B93AE5F9-BEBA-4E06-9F9F-DFA63B73D87A}.Debug|Any CPU.Build.0 = Debug|Any CPU
		{B93AE5F9-BEBA-4E06-9F9F-DFA63B73D87A}.Release|Any CPU.ActiveCfg = Release|Any CPU
		{B93AE5F9-BEBA-4E06-9F9F-DFA63B73D87A}.Release|Any CPU.Build.0 = Release|Any CPU
		{5D41B23F-E61C-46F3-B22D-EC647B852C33}.Debug|Any CPU.ActiveCfg = Debug|Any CPU
		{5D41B23F-E61C-46F3-B22D-EC647B852C33}.Debug|Any CPU.Build.0 = Debug|Any CPU
		{5D41B23F-E61C-46F3-B22D-EC647B852C33}.Release|Any CPU.ActiveCfg = Release|Any CPU
		{5D41B23F-E61C-46F3-B22D-EC647B852C33}.Release|Any CPU.Build.0 = Release|Any CPU
		{0092A3A2-3842-4F09-867B-2845D831DDD3}.Debug|Any CPU.ActiveCfg = Debug|Any CPU
		{0092A3A2-3842-4F09-867B-2845D831DDD3}.Debug|Any CPU.Build.0 = Debug|Any CPU
		{0092A3A2-3842-4F09-867B-2845D831DDD3}.Release|Any CPU.ActiveCfg = Release|Any CPU
		{0092A3A2-3842-4F09-867B-2845D831DDD3}.Release|Any CPU.Build.0 = Release|Any CPU
		{E88D69E6-1331-4D24-A88E-4AA24F5AD86D}.Debug|Any CPU.ActiveCfg = Debug|Any CPU
		{E88D69E6-1331-4D24-A88E-4AA24F5AD86D}.Debug|Any CPU.Build.0 = Debug|Any CPU
		{E88D69E6-1331-4D24-A88E-4AA24F5AD86D}.Release|Any CPU.ActiveCfg = Release|Any CPU
		{E88D69E6-1331-4D24-A88E-4AA24F5AD86D}.Release|Any CPU.Build.0 = Release|Any CPU
		{A5DBEED5-5373-4181-A30B-B7E50C634859}.Debug|Any CPU.ActiveCfg = Debug|Any CPU
		{A5DBEED5-5373-4181-A30B-B7E50C634859}.Debug|Any CPU.Build.0 = Debug|Any CPU
		{A5DBEED5-5373-4181-A30B-B7E50C634859}.Release|Any CPU.ActiveCfg = Release|Any CPU
		{A5DBEED5-5373-4181-A30B-B7E50C634859}.Release|Any CPU.Build.0 = Release|Any CPU
		{86EB183B-2676-48DF-A7B9-0975434409EA}.Debug|Any CPU.ActiveCfg = Debug|Any CPU
		{86EB183B-2676-48DF-A7B9-0975434409EA}.Debug|Any CPU.Build.0 = Debug|Any CPU
		{86EB183B-2676-48DF-A7B9-0975434409EA}.Release|Any CPU.ActiveCfg = Release|Any CPU
		{86EB183B-2676-48DF-A7B9-0975434409EA}.Release|Any CPU.Build.0 = Release|Any CPU
		{9538653D-F942-41EC-90B9-8EBE0F14D067}.Debug|Any CPU.ActiveCfg = Debug|Any CPU
		{9538653D-F942-41EC-90B9-8EBE0F14D067}.Debug|Any CPU.Build.0 = Debug|Any CPU
		{9538653D-F942-41EC-90B9-8EBE0F14D067}.Release|Any CPU.ActiveCfg = Release|Any CPU
		{9538653D-F942-41EC-90B9-8EBE0F14D067}.Release|Any CPU.Build.0 = Release|Any CPU
		{54EA6E32-1B4A-4A39-8D2C-2CA2F73ABBDC}.Debug|Any CPU.ActiveCfg = Debug|Any CPU
		{54EA6E32-1B4A-4A39-8D2C-2CA2F73ABBDC}.Debug|Any CPU.Build.0 = Debug|Any CPU
		{54EA6E32-1B4A-4A39-8D2C-2CA2F73ABBDC}.Release|Any CPU.ActiveCfg = Release|Any CPU
		{54EA6E32-1B4A-4A39-8D2C-2CA2F73ABBDC}.Release|Any CPU.Build.0 = Release|Any CPU
		{E887820D-5B51-4849-B875-D21CF97D1B50}.Debug|Any CPU.ActiveCfg = Debug|Any CPU
		{E887820D-5B51-4849-B875-D21CF97D1B50}.Debug|Any CPU.Build.0 = Debug|Any CPU
		{E887820D-5B51-4849-B875-D21CF97D1B50}.Release|Any CPU.ActiveCfg = Release|Any CPU
		{E887820D-5B51-4849-B875-D21CF97D1B50}.Release|Any CPU.Build.0 = Release|Any CPU
		{9C323F30-3498-4D88-ADD1-2216EDA986B0}.Debug|Any CPU.ActiveCfg = Debug|Any CPU
		{9C323F30-3498-4D88-ADD1-2216EDA986B0}.Debug|Any CPU.Build.0 = Debug|Any CPU
		{9C323F30-3498-4D88-ADD1-2216EDA986B0}.Release|Any CPU.ActiveCfg = Release|Any CPU
		{9C323F30-3498-4D88-ADD1-2216EDA986B0}.Release|Any CPU.Build.0 = Release|Any CPU
		{1E7FC517-EAE2-4B31-8114-7164CA208D07}.Debug|Any CPU.ActiveCfg = Debug|Any CPU
		{1E7FC517-EAE2-4B31-8114-7164CA208D07}.Debug|Any CPU.Build.0 = Debug|Any CPU
		{1E7FC517-EAE2-4B31-8114-7164CA208D07}.Release|Any CPU.ActiveCfg = Release|Any CPU
		{1E7FC517-EAE2-4B31-8114-7164CA208D07}.Release|Any CPU.Build.0 = Release|Any CPU
		{F1E94140-D46E-4607-B346-145C8D6BA771}.Debug|Any CPU.ActiveCfg = Debug|Any CPU
		{F1E94140-D46E-4607-B346-145C8D6BA771}.Debug|Any CPU.Build.0 = Debug|Any CPU
		{F1E94140-D46E-4607-B346-145C8D6BA771}.Release|Any CPU.ActiveCfg = Release|Any CPU
		{F1E94140-D46E-4607-B346-145C8D6BA771}.Release|Any CPU.Build.0 = Release|Any CPU
		{912B636B-12FD-4B0B-A4C5-6A1A0F5BDE88}.Debug|Any CPU.ActiveCfg = Debug|Any CPU
		{912B636B-12FD-4B0B-A4C5-6A1A0F5BDE88}.Debug|Any CPU.Build.0 = Debug|Any CPU
		{912B636B-12FD-4B0B-A4C5-6A1A0F5BDE88}.Release|Any CPU.ActiveCfg = Release|Any CPU
		{912B636B-12FD-4B0B-A4C5-6A1A0F5BDE88}.Release|Any CPU.Build.0 = Release|Any CPU
		{DB1F7AFC-E3DD-40BB-8411-44FDC1AC7C27}.Debug|Any CPU.ActiveCfg = Debug|Any CPU
		{DB1F7AFC-E3DD-40BB-8411-44FDC1AC7C27}.Debug|Any CPU.Build.0 = Debug|Any CPU
		{DB1F7AFC-E3DD-40BB-8411-44FDC1AC7C27}.Release|Any CPU.ActiveCfg = Release|Any CPU
		{DB1F7AFC-E3DD-40BB-8411-44FDC1AC7C27}.Release|Any CPU.Build.0 = Release|Any CPU
	EndGlobalSection
	GlobalSection(NestedProjects) = preSolution
		{04104ED0-6BE8-4183-8219-DA1653F92F05} = {9454A15C-5054-41C0-BC52-EAFBC5A3F29F}
		{F913560C-3091-4729-805D-886F02782BA9} = {04104ED0-6BE8-4183-8219-DA1653F92F05}
		{94D04EF7-D221-4D03-AE75-94C4AE430984} = {04104ED0-6BE8-4183-8219-DA1653F92F05}
		{D9918C7F-DB13-44DE-9534-8793AAAFF978} = {04104ED0-6BE8-4183-8219-DA1653F92F05}
		{895D225F-D412-4E28-AED3-27416D7ED0D8} = {04104ED0-6BE8-4183-8219-DA1653F92F05}
		{39E1F647-ED75-45D0-A1DC-557E03C79C4E} = {9454A15C-5054-41C0-BC52-EAFBC5A3F29F}
		{5D41B23F-E61C-46F3-B22D-EC647B852C33} = {39E1F647-ED75-45D0-A1DC-557E03C79C4E}
		{0092A3A2-3842-4F09-867B-2845D831DDD3} = {39E1F647-ED75-45D0-A1DC-557E03C79C4E}
		{E88D69E6-1331-4D24-A88E-4AA24F5AD86D} = {39E1F647-ED75-45D0-A1DC-557E03C79C4E}
		{A5DBEED5-5373-4181-A30B-B7E50C634859} = {39E1F647-ED75-45D0-A1DC-557E03C79C4E}
		{484CE245-115D-4982-BA57-ED2260F00742} = {9454A15C-5054-41C0-BC52-EAFBC5A3F29F}
		{86EB183B-2676-48DF-A7B9-0975434409EA} = {484CE245-115D-4982-BA57-ED2260F00742}
		{9538653D-F942-41EC-90B9-8EBE0F14D067} = {484CE245-115D-4982-BA57-ED2260F00742}
		{54EA6E32-1B4A-4A39-8D2C-2CA2F73ABBDC} = {484CE245-115D-4982-BA57-ED2260F00742}
		{E887820D-5B51-4849-B875-D21CF97D1B50} = {484CE245-115D-4982-BA57-ED2260F00742}
		{5C68B725-5083-4503-B4AD-0076FD25FAE7} = {9454A15C-5054-41C0-BC52-EAFBC5A3F29F}
		{9C323F30-3498-4D88-ADD1-2216EDA986B0} = {5C68B725-5083-4503-B4AD-0076FD25FAE7}
		{1E7FC517-EAE2-4B31-8114-7164CA208D07} = {5C68B725-5083-4503-B4AD-0076FD25FAE7}
		{F1E94140-D46E-4607-B346-145C8D6BA771} = {5C68B725-5083-4503-B4AD-0076FD25FAE7}
		{912B636B-12FD-4B0B-A4C5-6A1A0F5BDE88} = {3FACA57E-114D-47EB-A139-32B698EC4CFC}
		{DB1F7AFC-E3DD-40BB-8411-44FDC1AC7C27} = {A300838F-0D46-4B51-8930-0CCF3739680A}
	EndGlobalSection
EndGlobal
